
Microsoft Visual Studio Solution File, Format Version 12.00
# Visual Studio Version 16
VisualStudioVersion = 16.0.35826.135
MinimumVisualStudioVersion = 10.0.40219.1
Project("{FAE04EC0-301F-11D3-BF4B-00C04F79EFBC}") = "WpfApp_Project_SyncFiles", "WpfApp_Project_SyncFiles\WpfApp_Project_SyncFiles.csproj", "{DF2D0020-19C5-4BE6-9025-984399E4799A}"
EndProject
Global
	GlobalSection(SolutionConfigurationPlatforms) = preSolution
		Debug|Any CPU = Debug|Any CPU
		Release|Any CPU = Release|Any CPU
	EndGlobalSection
	GlobalSection(ProjectConfigurationPlatforms) = postSolution
		{DF2D0020-19C5-4BE6-9025-984399E4799A}.Debug|Any CPU.ActiveCfg = Debug|Any CPU
		{DF2D0020-19C5-4BE6-9025-984399E4799A}.Debug|Any CPU.Build.0 = Debug|Any CPU
		{DF2D0020-19C5-4BE6-9025-984399E4799A}.Release|Any CPU.ActiveCfg = Release|Any CPU
		{DF2D0020-19C5-4BE6-9025-984399E4799A}.Release|Any CPU.Build.0 = Release|Any CPU
	EndGlobalSection
	GlobalSection(SolutionProperties) = preSolution
		HideSolutionNode = FALSE
	EndGlobalSection
	GlobalSection(ExtensibilityGlobals) = postSolution
		SolutionGuid = {C92A5C30-054C-4E13-A580-B92DC3883796}
	EndGlobalSection
EndGlobal
